
Microsoft Visual Studio Solution File, Format Version 12.00
# Visual Studio 2012
Project("{FAE04EC0-301F-11D3-BF4B-00C04F79EFBC}") = "HashImplementation", "HashImplementation\HashImplementation.csproj", "{93ADC039-27D6-462A-8CF1-B3C7BBCAFD67}"
EndProject
Project("{FAE04EC0-301F-11D3-BF4B-00C04F79EFBC}") = "HashTableTests", "HashTableTests\HashTableTests.csproj", "{86EDFCD4-54A2-446D-9579-C47DDF4EFF64}"
EndProject
Project("{FAE04EC0-301F-11D3-BF4B-00C04F79EFBC}") = "HashTableProfiling", "HashTableProfiling\HashTableProfiling.csproj", "{B5EB7E11-8BBF-4BAE-9B3D-A916108C2EDD}"
EndProject
Global
	GlobalSection(SolutionConfigurationPlatforms) = preSolution
		Debug|Any CPU = Debug|Any CPU
		Release|Any CPU = Release|Any CPU
	EndGlobalSection
	GlobalSection(ProjectConfigurationPlatforms) = postSolution
		{93ADC039-27D6-462A-8CF1-B3C7BBCAFD67}.Debug|Any CPU.ActiveCfg = Debug|Any CPU
		{93ADC039-27D6-462A-8CF1-B3C7BBCAFD67}.Debug|Any CPU.Build.0 = Debug|Any CPU
		{93ADC039-27D6-462A-8CF1-B3C7BBCAFD67}.Release|Any CPU.ActiveCfg = Release|Any CPU
		{93ADC039-27D6-462A-8CF1-B3C7BBCAFD67}.Release|Any CPU.Build.0 = Release|Any CPU
		{86EDFCD4-54A2-446D-9579-C47DDF4EFF64}.Debug|Any CPU.ActiveCfg = Debug|Any CPU
		{86EDFCD4-54A2-446D-9579-C47DDF4EFF64}.Debug|Any CPU.Build.0 = Debug|Any CPU
		{86EDFCD4-54A2-446D-9579-C47DDF4EFF64}.Release|Any CPU.ActiveCfg = Release|Any CPU
		{86EDFCD4-54A2-446D-9579-C47DDF4EFF64}.Release|Any CPU.Build.0 = Release|Any CPU
		{B5EB7E11-8BBF-4BAE-9B3D-A916108C2EDD}.Debug|Any CPU.ActiveCfg = Debug|Any CPU
		{B5EB7E11-8BBF-4BAE-9B3D-A916108C2EDD}.Debug|Any CPU.Build.0 = Debug|Any CPU
		{B5EB7E11-8BBF-4BAE-9B3D-A916108C2EDD}.Release|Any CPU.ActiveCfg = Release|Any CPU
		{B5EB7E11-8BBF-4BAE-9B3D-A916108C2EDD}.Release|Any CPU.Build.0 = Release|Any CPU
	EndGlobalSection
	GlobalSection(SolutionProperties) = preSolution
		HideSolutionNode = FALSE
	EndGlobalSection
EndGlobal
